// !$*UTF8*$!
{
	archiveVersion = 1;
	classes = {
	};
	objectVersion = 50;
	objects = {

/* Begin PBXBuildFile section */
		09F3CFF6273C830600D7AF6A /* SpaceX_Launch_ChallengeApp.swift in Sources */ = {isa = PBXBuildFile; fileRef = 09F3CFF5273C830600D7AF6A /* SpaceX_Launch_ChallengeApp.swift */; };
		09F3CFF8273C830600D7AF6A /* LaunchesView.swift in Sources */ = {isa = PBXBuildFile; fileRef = 09F3CFF7273C830600D7AF6A /* LaunchesView.swift */; };
		09F3CFFA273C830600D7AF6A /* Assets.xcassets in Resources */ = {isa = PBXBuildFile; fileRef = 09F3CFF9273C830600D7AF6A /* Assets.xcassets */; };
		09F3CFFD273C830600D7AF6A /* Preview Assets.xcassets in Resources */ = {isa = PBXBuildFile; fileRef = 09F3CFFC273C830600D7AF6A /* Preview Assets.xcassets */; };
		09F3D008273C830600D7AF6A /* SpaceX_Launch_ChallengeTests.swift in Sources */ = {isa = PBXBuildFile; fileRef = 09F3D007273C830600D7AF6A /* SpaceX_Launch_ChallengeTests.swift */; };
		09F3D013273C830600D7AF6A /* SpaceX_Launch_ChallengeUITests.swift in Sources */ = {isa = PBXBuildFile; fileRef = 09F3D012273C830600D7AF6A /* SpaceX_Launch_ChallengeUITests.swift */; };
		09F3D021273E96DE00D7AF6A /* ContentViewFactory.swift in Sources */ = {isa = PBXBuildFile; fileRef = 09F3D020273E96DE00D7AF6A /* ContentViewFactory.swift */; };
		09F3D023273EA67400D7AF6A /* LaunchRowView.swift in Sources */ = {isa = PBXBuildFile; fileRef = 09F3D022273EA67400D7AF6A /* LaunchRowView.swift */; };
		09F3D02B273FCE7800D7AF6A /* FilterView.swift in Sources */ = {isa = PBXBuildFile; fileRef = 09F3D02A273FCE7800D7AF6A /* FilterView.swift */; };
		09F3D02E273FCF8900D7AF6A /* FilterOptionsRepository.swift in Sources */ = {isa = PBXBuildFile; fileRef = 09F3D02D273FCF8900D7AF6A /* FilterOptionsRepository.swift */; };
		09F3D031273FD0FD00D7AF6A /* FilterOptions.swift in Sources */ = {isa = PBXBuildFile; fileRef = 09F3D030273FD0FD00D7AF6A /* FilterOptions.swift */; };
		09F3D033273FD10200D7AF6A /* YearRange.swift in Sources */ = {isa = PBXBuildFile; fileRef = 09F3D032273FD10200D7AF6A /* YearRange.swift */; };
		09F3D035273FD11200D7AF6A /* SuccessFailureFilter.swift in Sources */ = {isa = PBXBuildFile; fileRef = 09F3D034273FD11200D7AF6A /* SuccessFailureFilter.swift */; };
		09F3D037273FD11C00D7AF6A /* Ordering.swift in Sources */ = {isa = PBXBuildFile; fileRef = 09F3D036273FD11C00D7AF6A /* Ordering.swift */; };
		09F3D03B2741889700D7AF6A /* StaticStrings.swift in Sources */ = {isa = PBXBuildFile; fileRef = 09F3D03A2741889700D7AF6A /* StaticStrings.swift */; };
		09F3D03D2741894000D7AF6A /* LaunchesViewModel.swift in Sources */ = {isa = PBXBuildFile; fileRef = 09F3D03C2741894000D7AF6A /* LaunchesViewModel.swift */; };
		09F3D03F27418B0900D7AF6A /* SpaceXRepository.swift in Sources */ = {isa = PBXBuildFile; fileRef = 09F3D03E27418B0900D7AF6A /* SpaceXRepository.swift */; };
		09F3D0412741D33000D7AF6A /* RocketResponse.swift in Sources */ = {isa = PBXBuildFile; fileRef = 09F3D0402741D33000D7AF6A /* RocketResponse.swift */; };
		09F3D0432741D3C200D7AF6A /* LaunchResponse.swift in Sources */ = {isa = PBXBuildFile; fileRef = 09F3D0422741D3C200D7AF6A /* LaunchResponse.swift */; };
		09F3D0452741D6D800D7AF6A /* CompanyResponse.swift in Sources */ = {isa = PBXBuildFile; fileRef = 09F3D0442741D6D800D7AF6A /* CompanyResponse.swift */; };
/* End PBXBuildFile section */

/* Begin PBXContainerItemProxy section */
		09F3D004273C830600D7AF6A /* PBXContainerItemProxy */ = {
			isa = PBXContainerItemProxy;
			containerPortal = 09F3CFEA273C830600D7AF6A /* Project object */;
			proxyType = 1;
			remoteGlobalIDString = 09F3CFF1273C830600D7AF6A;
			remoteInfo = "SpaceX Launch Challenge";
		};
		09F3D00F273C830600D7AF6A /* PBXContainerItemProxy */ = {
			isa = PBXContainerItemProxy;
			containerPortal = 09F3CFEA273C830600D7AF6A /* Project object */;
			proxyType = 1;
			remoteGlobalIDString = 09F3CFF1273C830600D7AF6A;
			remoteInfo = "SpaceX Launch Challenge";
		};
/* End PBXContainerItemProxy section */

/* Begin PBXFileReference section */
		09F3CFF2273C830600D7AF6A /* SpaceX Launch Challenge.app */ = {isa = PBXFileReference; explicitFileType = wrapper.application; includeInIndex = 0; path = "SpaceX Launch Challenge.app"; sourceTree = BUILT_PRODUCTS_DIR; };
		09F3CFF5273C830600D7AF6A /* SpaceX_Launch_ChallengeApp.swift */ = {isa = PBXFileReference; lastKnownFileType = sourcecode.swift; path = SpaceX_Launch_ChallengeApp.swift; sourceTree = "<group>"; };
		09F3CFF7273C830600D7AF6A /* LaunchesView.swift */ = {isa = PBXFileReference; lastKnownFileType = sourcecode.swift; path = LaunchesView.swift; sourceTree = "<group>"; };
		09F3CFF9273C830600D7AF6A /* Assets.xcassets */ = {isa = PBXFileReference; lastKnownFileType = folder.assetcatalog; path = Assets.xcassets; sourceTree = "<group>"; };
		09F3CFFC273C830600D7AF6A /* Preview Assets.xcassets */ = {isa = PBXFileReference; lastKnownFileType = folder.assetcatalog; path = "Preview Assets.xcassets"; sourceTree = "<group>"; };
		09F3CFFE273C830600D7AF6A /* Info.plist */ = {isa = PBXFileReference; lastKnownFileType = text.plist.xml; path = Info.plist; sourceTree = "<group>"; };
		09F3D003273C830600D7AF6A /* SpaceX Launch ChallengeTests.xctest */ = {isa = PBXFileReference; explicitFileType = wrapper.cfbundle; includeInIndex = 0; path = "SpaceX Launch ChallengeTests.xctest"; sourceTree = BUILT_PRODUCTS_DIR; };
		09F3D007273C830600D7AF6A /* SpaceX_Launch_ChallengeTests.swift */ = {isa = PBXFileReference; lastKnownFileType = sourcecode.swift; path = SpaceX_Launch_ChallengeTests.swift; sourceTree = "<group>"; };
		09F3D009273C830600D7AF6A /* Info.plist */ = {isa = PBXFileReference; lastKnownFileType = text.plist.xml; path = Info.plist; sourceTree = "<group>"; };
		09F3D00E273C830600D7AF6A /* SpaceX Launch ChallengeUITests.xctest */ = {isa = PBXFileReference; explicitFileType = wrapper.cfbundle; includeInIndex = 0; path = "SpaceX Launch ChallengeUITests.xctest"; sourceTree = BUILT_PRODUCTS_DIR; };
		09F3D012273C830600D7AF6A /* SpaceX_Launch_ChallengeUITests.swift */ = {isa = PBXFileReference; lastKnownFileType = sourcecode.swift; path = SpaceX_Launch_ChallengeUITests.swift; sourceTree = "<group>"; };
		09F3D014273C830600D7AF6A /* Info.plist */ = {isa = PBXFileReference; lastKnownFileType = text.plist.xml; path = Info.plist; sourceTree = "<group>"; };
		09F3D020273E96DE00D7AF6A /* ContentViewFactory.swift */ = {isa = PBXFileReference; lastKnownFileType = sourcecode.swift; path = ContentViewFactory.swift; sourceTree = "<group>"; };
		09F3D022273EA67400D7AF6A /* LaunchRowView.swift */ = {isa = PBXFileReference; lastKnownFileType = sourcecode.swift; path = LaunchRowView.swift; sourceTree = "<group>"; };
		09F3D02A273FCE7800D7AF6A /* FilterView.swift */ = {isa = PBXFileReference; lastKnownFileType = sourcecode.swift; path = FilterView.swift; sourceTree = "<group>"; };
		09F3D02D273FCF8900D7AF6A /* FilterOptionsRepository.swift */ = {isa = PBXFileReference; lastKnownFileType = sourcecode.swift; path = FilterOptionsRepository.swift; sourceTree = "<group>"; };
		09F3D030273FD0FD00D7AF6A /* FilterOptions.swift */ = {isa = PBXFileReference; lastKnownFileType = sourcecode.swift; path = FilterOptions.swift; sourceTree = "<group>"; };
		09F3D032273FD10200D7AF6A /* YearRange.swift */ = {isa = PBXFileReference; lastKnownFileType = sourcecode.swift; path = YearRange.swift; sourceTree = "<group>"; };
		09F3D034273FD11200D7AF6A /* SuccessFailureFilter.swift */ = {isa = PBXFileReference; lastKnownFileType = sourcecode.swift; path = SuccessFailureFilter.swift; sourceTree = "<group>"; };
		09F3D036273FD11C00D7AF6A /* Ordering.swift */ = {isa = PBXFileReference; lastKnownFileType = sourcecode.swift; path = Ordering.swift; sourceTree = "<group>"; };
		09F3D03A2741889700D7AF6A /* StaticStrings.swift */ = {isa = PBXFileReference; lastKnownFileType = sourcecode.swift; path = StaticStrings.swift; sourceTree = "<group>"; };
		09F3D03C2741894000D7AF6A /* LaunchesViewModel.swift */ = {isa = PBXFileReference; lastKnownFileType = sourcecode.swift; path = LaunchesViewModel.swift; sourceTree = "<group>"; };
		09F3D03E27418B0900D7AF6A /* SpaceXRepository.swift */ = {isa = PBXFileReference; lastKnownFileType = sourcecode.swift; path = SpaceXRepository.swift; sourceTree = "<group>"; };
		09F3D0402741D33000D7AF6A /* RocketResponse.swift */ = {isa = PBXFileReference; lastKnownFileType = sourcecode.swift; path = RocketResponse.swift; sourceTree = "<group>"; };
		09F3D0422741D3C200D7AF6A /* LaunchResponse.swift */ = {isa = PBXFileReference; lastKnownFileType = sourcecode.swift; path = LaunchResponse.swift; sourceTree = "<group>"; };
		09F3D0442741D6D800D7AF6A /* CompanyResponse.swift */ = {isa = PBXFileReference; lastKnownFileType = sourcecode.swift; path = CompanyResponse.swift; sourceTree = "<group>"; };
/* End PBXFileReference section */

/* Begin PBXFrameworksBuildPhase section */
		09F3CFEF273C830600D7AF6A /* Frameworks */ = {
			isa = PBXFrameworksBuildPhase;
			buildActionMask = 2147483647;
			files = (
			);
			runOnlyForDeploymentPostprocessing = 0;
		};
		09F3D000273C830600D7AF6A /* Frameworks */ = {
			isa = PBXFrameworksBuildPhase;
			buildActionMask = 2147483647;
			files = (
			);
			runOnlyForDeploymentPostprocessing = 0;
		};
		09F3D00B273C830600D7AF6A /* Frameworks */ = {
			isa = PBXFrameworksBuildPhase;
			buildActionMask = 2147483647;
			files = (
			);
			runOnlyForDeploymentPostprocessing = 0;
		};
/* End PBXFrameworksBuildPhase section */

/* Begin PBXGroup section */
		09F3CFE9273C830600D7AF6A = {
			isa = PBXGroup;
			children = (
				09F3CFF4273C830600D7AF6A /* SpaceX Launch Challenge */,
				09F3D006273C830600D7AF6A /* SpaceX Launch ChallengeTests */,
				09F3D011273C830600D7AF6A /* SpaceX Launch ChallengeUITests */,
				09F3CFF3273C830600D7AF6A /* Products */,
			);
			sourceTree = "<group>";
		};
		09F3CFF3273C830600D7AF6A /* Products */ = {
			isa = PBXGroup;
			children = (
				09F3CFF2273C830600D7AF6A /* SpaceX Launch Challenge.app */,
				09F3D003273C830600D7AF6A /* SpaceX Launch ChallengeTests.xctest */,
				09F3D00E273C830600D7AF6A /* SpaceX Launch ChallengeUITests.xctest */,
			);
			name = Products;
			sourceTree = "<group>";
		};
		09F3CFF4273C830600D7AF6A /* SpaceX Launch Challenge */ = {
			isa = PBXGroup;
			children = (
				09F3D02F273FCFAD00D7AF6A /* Models */,
				09F3D02C273FCF5F00D7AF6A /* Repositories */,
				09F3D029273FCE4A00D7AF6A /* FilterComponent */,
				09F3D024273FCBED00D7AF6A /* ContentComponent */,
				09F3CFF5273C830600D7AF6A /* SpaceX_Launch_ChallengeApp.swift */,
				09F3CFF9273C830600D7AF6A /* Assets.xcassets */,
				09F3D03A2741889700D7AF6A /* StaticStrings.swift */,
				09F3CFFE273C830600D7AF6A /* Info.plist */,
				09F3CFFB273C830600D7AF6A /* Preview Content */,
			);
			path = "SpaceX Launch Challenge";
			sourceTree = "<group>";
		};
		09F3CFFB273C830600D7AF6A /* Preview Content */ = {
			isa = PBXGroup;
			children = (
				09F3CFFC273C830600D7AF6A /* Preview Assets.xcassets */,
			);
			path = "Preview Content";
			sourceTree = "<group>";
		};
		09F3D006273C830600D7AF6A /* SpaceX Launch ChallengeTests */ = {
			isa = PBXGroup;
			children = (
				09F3D007273C830600D7AF6A /* SpaceX_Launch_ChallengeTests.swift */,
				09F3D009273C830600D7AF6A /* Info.plist */,
			);
			path = "SpaceX Launch ChallengeTests";
			sourceTree = "<group>";
		};
		09F3D011273C830600D7AF6A /* SpaceX Launch ChallengeUITests */ = {
			isa = PBXGroup;
			children = (
				09F3D012273C830600D7AF6A /* SpaceX_Launch_ChallengeUITests.swift */,
				09F3D014273C830600D7AF6A /* Info.plist */,
			);
			path = "SpaceX Launch ChallengeUITests";
			sourceTree = "<group>";
		};
		09F3D024273FCBED00D7AF6A /* ContentComponent */ = {
			isa = PBXGroup;
			children = (
				09F3D022273EA67400D7AF6A /* LaunchRowView.swift */,
				09F3CFF7273C830600D7AF6A /* LaunchesView.swift */,
				09F3D03C2741894000D7AF6A /* LaunchesViewModel.swift */,
				09F3D020273E96DE00D7AF6A /* ContentViewFactory.swift */,
			);
			path = ContentComponent;
			sourceTree = "<group>";
		};
		09F3D029273FCE4A00D7AF6A /* FilterComponent */ = {
			isa = PBXGroup;
			children = (
				09F3D02A273FCE7800D7AF6A /* FilterView.swift */,
			);
			path = FilterComponent;
			sourceTree = "<group>";
		};
		09F3D02C273FCF5F00D7AF6A /* Repositories */ = {
			isa = PBXGroup;
			children = (
				09F3D02D273FCF8900D7AF6A /* FilterOptionsRepository.swift */,
				09F3D03E27418B0900D7AF6A /* SpaceXRepository.swift */,
			);
			path = Repositories;
			sourceTree = "<group>";
		};
		09F3D02F273FCFAD00D7AF6A /* Models */ = {
			isa = PBXGroup;
			children = (
				09F3D030273FD0FD00D7AF6A /* FilterOptions.swift */,
				09F3D032273FD10200D7AF6A /* YearRange.swift */,
				09F3D034273FD11200D7AF6A /* SuccessFailureFilter.swift */,
				09F3D036273FD11C00D7AF6A /* Ordering.swift */,
				09F3D0402741D33000D7AF6A /* RocketResponse.swift */,
				09F3D0422741D3C200D7AF6A /* LaunchResponse.swift */,
				09F3D0442741D6D800D7AF6A /* CompanyResponse.swift */,
			);
			path = Models;
			sourceTree = "<group>";
		};
/* End PBXGroup section */

/* Begin PBXNativeTarget section */
		09F3CFF1273C830600D7AF6A /* SpaceX Launch Challenge */ = {
			isa = PBXNativeTarget;
			buildConfigurationList = 09F3D017273C830600D7AF6A /* Build configuration list for PBXNativeTarget "SpaceX Launch Challenge" */;
			buildPhases = (
				09F3CFEE273C830600D7AF6A /* Sources */,
				09F3CFEF273C830600D7AF6A /* Frameworks */,
				09F3CFF0273C830600D7AF6A /* Resources */,
			);
			buildRules = (
			);
			dependencies = (
			);
			name = "SpaceX Launch Challenge";
			productName = "SpaceX Launch Challenge";
			productReference = 09F3CFF2273C830600D7AF6A /* SpaceX Launch Challenge.app */;
			productType = "com.apple.product-type.application";
		};
		09F3D002273C830600D7AF6A /* SpaceX Launch ChallengeTests */ = {
			isa = PBXNativeTarget;
			buildConfigurationList = 09F3D01A273C830600D7AF6A /* Build configuration list for PBXNativeTarget "SpaceX Launch ChallengeTests" */;
			buildPhases = (
				09F3CFFF273C830600D7AF6A /* Sources */,
				09F3D000273C830600D7AF6A /* Frameworks */,
				09F3D001273C830600D7AF6A /* Resources */,
			);
			buildRules = (
			);
			dependencies = (
				09F3D005273C830600D7AF6A /* PBXTargetDependency */,
			);
			name = "SpaceX Launch ChallengeTests";
			productName = "SpaceX Launch ChallengeTests";
			productReference = 09F3D003273C830600D7AF6A /* SpaceX Launch ChallengeTests.xctest */;
			productType = "com.apple.product-type.bundle.unit-test";
		};
		09F3D00D273C830600D7AF6A /* SpaceX Launch ChallengeUITests */ = {
			isa = PBXNativeTarget;
			buildConfigurationList = 09F3D01D273C830600D7AF6A /* Build configuration list for PBXNativeTarget "SpaceX Launch ChallengeUITests" */;
			buildPhases = (
				09F3D00A273C830600D7AF6A /* Sources */,
				09F3D00B273C830600D7AF6A /* Frameworks */,
				09F3D00C273C830600D7AF6A /* Resources */,
			);
			buildRules = (
			);
			dependencies = (
				09F3D010273C830600D7AF6A /* PBXTargetDependency */,
			);
			name = "SpaceX Launch ChallengeUITests";
			productName = "SpaceX Launch ChallengeUITests";
			productReference = 09F3D00E273C830600D7AF6A /* SpaceX Launch ChallengeUITests.xctest */;
			productType = "com.apple.product-type.bundle.ui-testing";
		};
/* End PBXNativeTarget section */

/* Begin PBXProject section */
		09F3CFEA273C830600D7AF6A /* Project object */ = {
			isa = PBXProject;
			attributes = {
				LastSwiftUpdateCheck = 1250;
				LastUpgradeCheck = 1250;
				TargetAttributes = {
					09F3CFF1273C830600D7AF6A = {
						CreatedOnToolsVersion = 12.5;
					};
					09F3D002273C830600D7AF6A = {
						CreatedOnToolsVersion = 12.5;
						TestTargetID = 09F3CFF1273C830600D7AF6A;
					};
					09F3D00D273C830600D7AF6A = {
						CreatedOnToolsVersion = 12.5;
						TestTargetID = 09F3CFF1273C830600D7AF6A;
					};
				};
			};
			buildConfigurationList = 09F3CFED273C830600D7AF6A /* Build configuration list for PBXProject "SpaceX Launch Challenge" */;
			compatibilityVersion = "Xcode 9.3";
			developmentRegion = en;
			hasScannedForEncodings = 0;
			knownRegions = (
				en,
				Base,
			);
			mainGroup = 09F3CFE9273C830600D7AF6A;
			productRefGroup = 09F3CFF3273C830600D7AF6A /* Products */;
			projectDirPath = "";
			projectRoot = "";
			targets = (
				09F3CFF1273C830600D7AF6A /* SpaceX Launch Challenge */,
				09F3D002273C830600D7AF6A /* SpaceX Launch ChallengeTests */,
				09F3D00D273C830600D7AF6A /* SpaceX Launch ChallengeUITests */,
			);
		};
/* End PBXProject section */

/* Begin PBXResourcesBuildPhase section */
		09F3CFF0273C830600D7AF6A /* Resources */ = {
			isa = PBXResourcesBuildPhase;
			buildActionMask = 2147483647;
			files = (
				09F3CFFD273C830600D7AF6A /* Preview Assets.xcassets in Resources */,
				09F3CFFA273C830600D7AF6A /* Assets.xcassets in Resources */,
			);
			runOnlyForDeploymentPostprocessing = 0;
		};
		09F3D001273C830600D7AF6A /* Resources */ = {
			isa = PBXResourcesBuildPhase;
			buildActionMask = 2147483647;
			files = (
			);
			runOnlyForDeploymentPostprocessing = 0;
		};
		09F3D00C273C830600D7AF6A /* Resources */ = {
			isa = PBXResourcesBuildPhase;
			buildActionMask = 2147483647;
			files = (
			);
			runOnlyForDeploymentPostprocessing = 0;
		};
/* End PBXResourcesBuildPhase section */

/* Begin PBXSourcesBuildPhase section */
		09F3CFEE273C830600D7AF6A /* Sources */ = {
			isa = PBXSourcesBuildPhase;
			buildActionMask = 2147483647;
			files = (
				09F3D035273FD11200D7AF6A /* SuccessFailureFilter.swift in Sources */,
				09F3D02B273FCE7800D7AF6A /* FilterView.swift in Sources */,
				09F3D023273EA67400D7AF6A /* LaunchRowView.swift in Sources */,
				09F3D02E273FCF8900D7AF6A /* FilterOptionsRepository.swift in Sources */,
				09F3CFF8273C830600D7AF6A /* LaunchesView.swift in Sources */,
				09F3D037273FD11C00D7AF6A /* Ordering.swift in Sources */,
				09F3D0452741D6D800D7AF6A /* CompanyResponse.swift in Sources */,
				09F3D021273E96DE00D7AF6A /* ContentViewFactory.swift in Sources */,
				09F3D03F27418B0900D7AF6A /* SpaceXRepository.swift in Sources */,
				09F3D0432741D3C200D7AF6A /* LaunchResponse.swift in Sources */,
				09F3D033273FD10200D7AF6A /* YearRange.swift in Sources */,
				09F3D031273FD0FD00D7AF6A /* FilterOptions.swift in Sources */,
				09F3D03D2741894000D7AF6A /* LaunchesViewModel.swift in Sources */,
				09F3CFF6273C830600D7AF6A /* SpaceX_Launch_ChallengeApp.swift in Sources */,
				09F3D0412741D33000D7AF6A /* RocketResponse.swift in Sources */,
				09F3D03B2741889700D7AF6A /* StaticStrings.swift in Sources */,
			);
			runOnlyForDeploymentPostprocessing = 0;
		};
		09F3CFFF273C830600D7AF6A /* Sources */ = {
			isa = PBXSourcesBuildPhase;
			buildActionMask = 2147483647;
			files = (
				09F3D008273C830600D7AF6A /* SpaceX_Launch_ChallengeTests.swift in Sources */,
			);
			runOnlyForDeploymentPostprocessing = 0;
		};
		09F3D00A273C830600D7AF6A /* Sources */ = {
			isa = PBXSourcesBuildPhase;
			buildActionMask = 2147483647;
			files = (
				09F3D013273C830600D7AF6A /* SpaceX_Launch_ChallengeUITests.swift in Sources */,
			);
			runOnlyForDeploymentPostprocessing = 0;
		};
/* End PBXSourcesBuildPhase section */

/* Begin PBXTargetDependency section */
		09F3D005273C830600D7AF6A /* PBXTargetDependency */ = {
			isa = PBXTargetDependency;
			target = 09F3CFF1273C830600D7AF6A /* SpaceX Launch Challenge */;
			targetProxy = 09F3D004273C830600D7AF6A /* PBXContainerItemProxy */;
		};
		09F3D010273C830600D7AF6A /* PBXTargetDependency */ = {
			isa = PBXTargetDependency;
			target = 09F3CFF1273C830600D7AF6A /* SpaceX Launch Challenge */;
			targetProxy = 09F3D00F273C830600D7AF6A /* PBXContainerItemProxy */;
		};
/* End PBXTargetDependency section */

/* Begin XCBuildConfiguration section */
		09F3D015273C830600D7AF6A /* Debug */ = {
			isa = XCBuildConfiguration;
			buildSettings = {
				ALWAYS_SEARCH_USER_PATHS = NO;
				CLANG_ANALYZER_NONNULL = YES;
				CLANG_ANALYZER_NUMBER_OBJECT_CONVERSION = YES_AGGRESSIVE;
				CLANG_CXX_LANGUAGE_STANDARD = "gnu++14";
				CLANG_CXX_LIBRARY = "libc++";
				CLANG_ENABLE_MODULES = YES;
				CLANG_ENABLE_OBJC_ARC = YES;
				CLANG_ENABLE_OBJC_WEAK = YES;
				CLANG_WARN_BLOCK_CAPTURE_AUTORELEASING = YES;
				CLANG_WARN_BOOL_CONVERSION = YES;
				CLANG_WARN_COMMA = YES;
				CLANG_WARN_CONSTANT_CONVERSION = YES;
				CLANG_WARN_DEPRECATED_OBJC_IMPLEMENTATIONS = YES;
				CLANG_WARN_DIRECT_OBJC_ISA_USAGE = YES_ERROR;
				CLANG_WARN_DOCUMENTATION_COMMENTS = YES;
				CLANG_WARN_EMPTY_BODY = YES;
				CLANG_WARN_ENUM_CONVERSION = YES;
				CLANG_WARN_INFINITE_RECURSION = YES;
				CLANG_WARN_INT_CONVERSION = YES;
				CLANG_WARN_NON_LITERAL_NULL_CONVERSION = YES;
				CLANG_WARN_OBJC_IMPLICIT_RETAIN_SELF = YES;
				CLANG_WARN_OBJC_LITERAL_CONVERSION = YES;
				CLANG_WARN_OBJC_ROOT_CLASS = YES_ERROR;
				CLANG_WARN_QUOTED_INCLUDE_IN_FRAMEWORK_HEADER = YES;
				CLANG_WARN_RANGE_LOOP_ANALYSIS = YES;
				CLANG_WARN_STRICT_PROTOTYPES = YES;
				CLANG_WARN_SUSPICIOUS_MOVE = YES;
				CLANG_WARN_UNGUARDED_AVAILABILITY = YES_AGGRESSIVE;
				CLANG_WARN_UNREACHABLE_CODE = YES;
				CLANG_WARN__DUPLICATE_METHOD_MATCH = YES;
				COPY_PHASE_STRIP = NO;
				DEBUG_INFORMATION_FORMAT = dwarf;
				ENABLE_STRICT_OBJC_MSGSEND = YES;
				ENABLE_TESTABILITY = YES;
				GCC_C_LANGUAGE_STANDARD = gnu11;
				GCC_DYNAMIC_NO_PIC = NO;
				GCC_NO_COMMON_BLOCKS = YES;
				GCC_OPTIMIZATION_LEVEL = 0;
				GCC_PREPROCESSOR_DEFINITIONS = (
					"DEBUG=1",
					"$(inherited)",
				);
				GCC_WARN_64_TO_32_BIT_CONVERSION = YES;
				GCC_WARN_ABOUT_RETURN_TYPE = YES_ERROR;
				GCC_WARN_UNDECLARED_SELECTOR = YES;
				GCC_WARN_UNINITIALIZED_AUTOS = YES_AGGRESSIVE;
				GCC_WARN_UNUSED_FUNCTION = YES;
				GCC_WARN_UNUSED_VARIABLE = YES;
				IPHONEOS_DEPLOYMENT_TARGET = 14.5;
				MTL_ENABLE_DEBUG_INFO = INCLUDE_SOURCE;
				MTL_FAST_MATH = YES;
				ONLY_ACTIVE_ARCH = YES;
				SDKROOT = iphoneos;
				SWIFT_ACTIVE_COMPILATION_CONDITIONS = DEBUG;
				SWIFT_OPTIMIZATION_LEVEL = "-Onone";
			};
			name = Debug;
		};
		09F3D016273C830600D7AF6A /* Release */ = {
			isa = XCBuildConfiguration;
			buildSettings = {
				ALWAYS_SEARCH_USER_PATHS = NO;
				CLANG_ANALYZER_NONNULL = YES;
				CLANG_ANALYZER_NUMBER_OBJECT_CONVERSION = YES_AGGRESSIVE;
				CLANG_CXX_LANGUAGE_STANDARD = "gnu++14";
				CLANG_CXX_LIBRARY = "libc++";
				CLANG_ENABLE_MODULES = YES;
				CLANG_ENABLE_OBJC_ARC = YES;
				CLANG_ENABLE_OBJC_WEAK = YES;
				CLANG_WARN_BLOCK_CAPTURE_AUTORELEASING = YES;
				CLANG_WARN_BOOL_CONVERSION = YES;
				CLANG_WARN_COMMA = YES;
				CLANG_WARN_CONSTANT_CONVERSION = YES;
				CLANG_WARN_DEPRECATED_OBJC_IMPLEMENTATIONS = YES;
				CLANG_WARN_DIRECT_OBJC_ISA_USAGE = YES_ERROR;
				CLANG_WARN_DOCUMENTATION_COMMENTS = YES;
				CLANG_WARN_EMPTY_BODY = YES;
				CLANG_WARN_ENUM_CONVERSION = YES;
				CLANG_WARN_INFINITE_RECURSION = YES;
				CLANG_WARN_INT_CONVERSION = YES;
				CLANG_WARN_NON_LITERAL_NULL_CONVERSION = YES;
				CLANG_WARN_OBJC_IMPLICIT_RETAIN_SELF = YES;
				CLANG_WARN_OBJC_LITERAL_CONVERSION = YES;
				CLANG_WARN_OBJC_ROOT_CLASS = YES_ERROR;
				CLANG_WARN_QUOTED_INCLUDE_IN_FRAMEWORK_HEADER = YES;
				CLANG_WARN_RANGE_LOOP_ANALYSIS = YES;
				CLANG_WARN_STRICT_PROTOTYPES = YES;
				CLANG_WARN_SUSPICIOUS_MOVE = YES;
				CLANG_WARN_UNGUARDED_AVAILABILITY = YES_AGGRESSIVE;
				CLANG_WARN_UNREACHABLE_CODE = YES;
				CLANG_WARN__DUPLICATE_METHOD_MATCH = YES;
				COPY_PHASE_STRIP = NO;
				DEBUG_INFORMATION_FORMAT = "dwarf-with-dsym";
				ENABLE_NS_ASSERTIONS = NO;
				ENABLE_STRICT_OBJC_MSGSEND = YES;
				GCC_C_LANGUAGE_STANDARD = gnu11;
				GCC_NO_COMMON_BLOCKS = YES;
				GCC_WARN_64_TO_32_BIT_CONVERSION = YES;
				GCC_WARN_ABOUT_RETURN_TYPE = YES_ERROR;
				GCC_WARN_UNDECLARED_SELECTOR = YES;
				GCC_WARN_UNINITIALIZED_AUTOS = YES_AGGRESSIVE;
				GCC_WARN_UNUSED_FUNCTION = YES;
				GCC_WARN_UNUSED_VARIABLE = YES;
				IPHONEOS_DEPLOYMENT_TARGET = 14.5;
				MTL_ENABLE_DEBUG_INFO = NO;
				MTL_FAST_MATH = YES;
				SDKROOT = iphoneos;
				SWIFT_COMPILATION_MODE = wholemodule;
				SWIFT_OPTIMIZATION_LEVEL = "-O";
				VALIDATE_PRODUCT = YES;
			};
			name = Release;
		};
		09F3D018273C830600D7AF6A /* Debug */ = {
			isa = XCBuildConfiguration;
			buildSettings = {
				ASSETCATALOG_COMPILER_APPICON_NAME = AppIcon;
				ASSETCATALOG_COMPILER_GLOBAL_ACCENT_COLOR_NAME = AccentColor;
				CODE_SIGN_STYLE = Automatic;
				DEVELOPMENT_ASSET_PATHS = "\"SpaceX Launch Challenge/Preview Content\"";
				DEVELOPMENT_TEAM = CNHB9B5GX6;
				ENABLE_PREVIEWS = YES;
				INFOPLIST_FILE = "SpaceX Launch Challenge/Info.plist";
				IPHONEOS_DEPLOYMENT_TARGET = 14.0;
				LD_RUNPATH_SEARCH_PATHS = (
					"$(inherited)",
					"@executable_path/Frameworks",
				);
				PRODUCT_BUNDLE_IDENTIFIER = "com.thisolivier.SpaceX-Launch-Challenge";
				PRODUCT_NAME = "$(TARGET_NAME)";
				SWIFT_VERSION = 5.0;
				TARGETED_DEVICE_FAMILY = "1,2";
			};
			name = Debug;
		};
		09F3D019273C830600D7AF6A /* Release */ = {
			isa = XCBuildConfiguration;
			buildSettings = {
				ASSETCATALOG_COMPILER_APPICON_NAME = AppIcon;
				ASSETCATALOG_COMPILER_GLOBAL_ACCENT_COLOR_NAME = AccentColor;
				CODE_SIGN_STYLE = Automatic;
				DEVELOPMENT_ASSET_PATHS = "\"SpaceX Launch Challenge/Preview Content\"";
				DEVELOPMENT_TEAM = CNHB9B5GX6;
				ENABLE_PREVIEWS = YES;
				INFOPLIST_FILE = "SpaceX Launch Challenge/Info.plist";
				IPHONEOS_DEPLOYMENT_TARGET = 14.0;
				LD_RUNPATH_SEARCH_PATHS = (
					"$(inherited)",
					"@executable_path/Frameworks",
				);
				PRODUCT_BUNDLE_IDENTIFIER = "com.thisolivier.SpaceX-Launch-Challenge";
				PRODUCT_NAME = "$(TARGET_NAME)";
				SWIFT_VERSION = 5.0;
				TARGETED_DEVICE_FAMILY = "1,2";
			};
			name = Release;
		};
		09F3D01B273C830600D7AF6A /* Debug */ = {
			isa = XCBuildConfiguration;
			buildSettings = {
				ALWAYS_EMBED_SWIFT_STANDARD_LIBRARIES = YES;
				BUNDLE_LOADER = "$(TEST_HOST)";
				CODE_SIGN_STYLE = Automatic;
				DEVELOPMENT_TEAM = CNHB9B5GX6;
				INFOPLIST_FILE = "SpaceX Launch ChallengeTests/Info.plist";
				IPHONEOS_DEPLOYMENT_TARGET = 14.0;
				LD_RUNPATH_SEARCH_PATHS = (
					"$(inherited)",
					"@executable_path/Frameworks",
					"@loader_path/Frameworks",
				);
				PRODUCT_BUNDLE_IDENTIFIER = "com.thisolivier.SpaceX-Launch-ChallengeTests";
				PRODUCT_NAME = "$(TARGET_NAME)";
				SWIFT_VERSION = 5.0;
				TARGETED_DEVICE_FAMILY = "1,2";
				TEST_HOST = "$(BUILT_PRODUCTS_DIR)/SpaceX Launch Challenge.app/SpaceX Launch Challenge";
			};
			name = Debug;
		};
		09F3D01C273C830600D7AF6A /* Release */ = {
			isa = XCBuildConfiguration;
			buildSettings = {
				ALWAYS_EMBED_SWIFT_STANDARD_LIBRARIES = YES;
				BUNDLE_LOADER = "$(TEST_HOST)";
				CODE_SIGN_STYLE = Automatic;
				DEVELOPMENT_TEAM = CNHB9B5GX6;
				INFOPLIST_FILE = "SpaceX Launch ChallengeTests/Info.plist";
				IPHONEOS_DEPLOYMENT_TARGET = 14.0;
				LD_RUNPATH_SEARCH_PATHS = (
					"$(inherited)",
					"@executable_path/Frameworks",
					"@loader_path/Frameworks",
				);
				PRODUCT_BUNDLE_IDENTIFIER = "com.thisolivier.SpaceX-Launch-ChallengeTests";
				PRODUCT_NAME = "$(TARGET_NAME)";
				SWIFT_VERSION = 5.0;
				TARGETED_DEVICE_FAMILY = "1,2";
				TEST_HOST = "$(BUILT_PRODUCTS_DIR)/SpaceX Launch Challenge.app/SpaceX Launch Challenge";
			};
			name = Release;
		};
		09F3D01E273C830600D7AF6A /* Debug */ = {
			isa = XCBuildConfiguration;
			buildSettings = {
				ALWAYS_EMBED_SWIFT_STANDARD_LIBRARIES = YES;
				CODE_SIGN_STYLE = Automatic;
				DEVELOPMENT_TEAM = CNHB9B5GX6;
				INFOPLIST_FILE = "SpaceX Launch ChallengeUITests/Info.plist";
				LD_RUNPATH_SEARCH_PATHS = (
					"$(inherited)",
					"@executable_path/Frameworks",
					"@loader_path/Frameworks",
				);
				PRODUCT_BUNDLE_IDENTIFIER = "com.thisolivier.SpaceX-Launch-ChallengeUITests";
				PRODUCT_NAME = "$(TARGET_NAME)";
				SWIFT_VERSION = 5.0;
				TARGETED_DEVICE_FAMILY = "1,2";
				TEST_TARGET_NAME = "SpaceX Launch Challenge";
			};
			name = Debug;
		};
		09F3D01F273C830600D7AF6A /* Release */ = {
			isa = XCBuildConfiguration;
			buildSettings = {
				ALWAYS_EMBED_SWIFT_STANDARD_LIBRARIES = YES;
				CODE_SIGN_STYLE = Automatic;
				DEVELOPMENT_TEAM = CNHB9B5GX6;
				INFOPLIST_FILE = "SpaceX Launch ChallengeUITests/Info.plist";
				LD_RUNPATH_SEARCH_PATHS = (
					"$(inherited)",
					"@executable_path/Frameworks",
					"@loader_path/Frameworks",
				);
				PRODUCT_BUNDLE_IDENTIFIER = "com.thisolivier.SpaceX-Launch-ChallengeUITests";
				PRODUCT_NAME = "$(TARGET_NAME)";
				SWIFT_VERSION = 5.0;
				TARGETED_DEVICE_FAMILY = "1,2";
				TEST_TARGET_NAME = "SpaceX Launch Challenge";
			};
			name = Release;
		};
/* End XCBuildConfiguration section */

/* Begin XCConfigurationList section */
		09F3CFED273C830600D7AF6A /* Build configuration list for PBXProject "SpaceX Launch Challenge" */ = {
			isa = XCConfigurationList;
			buildConfigurations = (
				09F3D015273C830600D7AF6A /* Debug */,
				09F3D016273C830600D7AF6A /* Release */,
			);
			defaultConfigurationIsVisible = 0;
			defaultConfigurationName = Release;
		};
		09F3D017273C830600D7AF6A /* Build configuration list for PBXNativeTarget "SpaceX Launch Challenge" */ = {
			isa = XCConfigurationList;
			buildConfigurations = (
				09F3D018273C830600D7AF6A /* Debug */,
				09F3D019273C830600D7AF6A /* Release */,
			);
			defaultConfigurationIsVisible = 0;
			defaultConfigurationName = Release;
		};
		09F3D01A273C830600D7AF6A /* Build configuration list for PBXNativeTarget "SpaceX Launch ChallengeTests" */ = {
			isa = XCConfigurationList;
			buildConfigurations = (
				09F3D01B273C830600D7AF6A /* Debug */,
				09F3D01C273C830600D7AF6A /* Release */,
			);
			defaultConfigurationIsVisible = 0;
			defaultConfigurationName = Release;
		};
		09F3D01D273C830600D7AF6A /* Build configuration list for PBXNativeTarget "SpaceX Launch ChallengeUITests" */ = {
			isa = XCConfigurationList;
			buildConfigurations = (
				09F3D01E273C830600D7AF6A /* Debug */,
				09F3D01F273C830600D7AF6A /* Release */,
			);
			defaultConfigurationIsVisible = 0;
			defaultConfigurationName = Release;
		};
/* End XCConfigurationList section */
	};
	rootObject = 09F3CFEA273C830600D7AF6A /* Project object */;
}
